// !$*UTF8*$!
{
	archiveVersion = 1;
	classes = {
	};
	objectVersion = 46;
	objects = {

/* Begin PBXBuildFile section */
		7506687F43C80C263E1ECFDE /* Pods_demo.framework in Frameworks */ = {isa = PBXBuildFile; fileRef = 25A4B807DAFD72FB30742C12 /* Pods_demo.framework */; };
		A69027E61C20E33000FF9089 /* AppDelegate.swift in Sources */ = {isa = PBXBuildFile; fileRef = A69027E51C20E33000FF9089 /* AppDelegate.swift */; };
		A69027E81C20E33000FF9089 /* ViewController.swift in Sources */ = {isa = PBXBuildFile; fileRef = A69027E71C20E33000FF9089 /* ViewController.swift */; };
		A69027EB1C20E33000FF9089 /* Main.storyboard in Resources */ = {isa = PBXBuildFile; fileRef = A69027E91C20E33000FF9089 /* Main.storyboard */; };
		A69027ED1C20E33000FF9089 /* Images.xcassets in Resources */ = {isa = PBXBuildFile; fileRef = A69027EC1C20E33000FF9089 /* Images.xcassets */; };
		A69027F01C20E33000FF9089 /* LaunchScreen.xib in Resources */ = {isa = PBXBuildFile; fileRef = A69027EE1C20E33000FF9089 /* LaunchScreen.xib */; };
		A69027FC1C20E33000FF9089 /* demoTests.swift in Sources */ = {isa = PBXBuildFile; fileRef = A69027FB1C20E33000FF9089 /* demoTests.swift */; };
		A690280A1C20EA9000FF9089 /* ViewControllerHome.swift in Sources */ = {isa = PBXBuildFile; fileRef = A69028091C20EA9000FF9089 /* ViewControllerHome.swift */; };
		A690280E1C20F06C00FF9089 /* ViewControllerLogin.swift in Sources */ = {isa = PBXBuildFile; fileRef = A690280D1C20F06C00FF9089 /* ViewControllerLogin.swift */; };
		A69028381C20F1C700FF9089 /* SDK.swift in Sources */ = {isa = PBXBuildFile; fileRef = A69028101C20F1C700FF9089 /* SDK.swift */; };
		A69028391C20F1C700FF9089 /* ApiResponse.swift in Sources */ = {isa = PBXBuildFile; fileRef = A69028121C20F1C700FF9089 /* ApiResponse.swift */; };
		A690283A1C20F1C700FF9089 /* Client.swift in Sources */ = {isa = PBXBuildFile; fileRef = A69028131C20F1C700FF9089 /* Client.swift */; };
		A690283B1C20F1C700FF9089 /* MultiPartBuilder.swift in Sources */ = {isa = PBXBuildFile; fileRef = A69028141C20F1C700FF9089 /* MultiPartBuilder.swift */; };
		A690283C1C20F1C700FF9089 /* Auth.swift in Sources */ = {isa = PBXBuildFile; fileRef = A69028161C20F1C700FF9089 /* Auth.swift */; };
		A690283D1C20F1C700FF9089 /* Platform.swift in Sources */ = {isa = PBXBuildFile; fileRef = A69028171C20F1C700FF9089 /* Platform.swift */; };
		A690283E1C20F1C700FF9089 /* AES.swift in Sources */ = {isa = PBXBuildFile; fileRef = A690281A1C20F1C700FF9089 /* AES.swift */; };
		A690283F1C20F1C700FF9089 /* ArrayExtension.swift in Sources */ = {isa = PBXBuildFile; fileRef = A690281B1C20F1C700FF9089 /* ArrayExtension.swift */; };
		A69028401C20F1C700FF9089 /* Authenticator.swift in Sources */ = {isa = PBXBuildFile; fileRef = A690281C1C20F1C700FF9089 /* Authenticator.swift */; };
		A69028411C20F1C700FF9089 /* BitExtension.swift in Sources */ = {isa = PBXBuildFile; fileRef = A690281D1C20F1C700FF9089 /* BitExtension.swift */; };
		A69028421C20F1C700FF9089 /* ChaCha20.swift in Sources */ = {isa = PBXBuildFile; fileRef = A690281E1C20F1C700FF9089 /* ChaCha20.swift */; };
		A69028431C20F1C700FF9089 /* Cipher.swift in Sources */ = {isa = PBXBuildFile; fileRef = A690281F1C20F1C700FF9089 /* Cipher.swift */; };
		A69028441C20F1C700FF9089 /* CipherBlockMode.swift in Sources */ = {isa = PBXBuildFile; fileRef = A69028201C20F1C700FF9089 /* CipherBlockMode.swift */; };
		A69028451C20F1C700FF9089 /* CRC.swift in Sources */ = {isa = PBXBuildFile; fileRef = A69028211C20F1C700FF9089 /* CRC.swift */; };
		A69028461C20F1C700FF9089 /* Generics.swift in Sources */ = {isa = PBXBuildFile; fileRef = A69028221C20F1C700FF9089 /* Generics.swift */; };
		A69028471C20F1C700FF9089 /* Hash.swift in Sources */ = {isa = PBXBuildFile; fileRef = A69028231C20F1C700FF9089 /* Hash.swift */; };
		A69028481C20F1C700FF9089 /* HashBase.swift in Sources */ = {isa = PBXBuildFile; fileRef = A69028241C20F1C700FF9089 /* HashBase.swift */; };
		A69028491C20F1C700FF9089 /* HMAC.swift in Sources */ = {isa = PBXBuildFile; fileRef = A69028251C20F1C700FF9089 /* HMAC.swift */; };
		A690284A1C20F1C700FF9089 /* IntegerConvertible.swift in Sources */ = {isa = PBXBuildFile; fileRef = A69028261C20F1C700FF9089 /* IntegerConvertible.swift */; };
		A690284B1C20F1C700FF9089 /* IntExtension.swift in Sources */ = {isa = PBXBuildFile; fileRef = A69028271C20F1C700FF9089 /* IntExtension.swift */; };
		A690284C1C20F1C700FF9089 /* MD5.swift in Sources */ = {isa = PBXBuildFile; fileRef = A69028281C20F1C700FF9089 /* MD5.swift */; };
		A690284D1C20F1C700FF9089 /* NSDataExtension.swift in Sources */ = {isa = PBXBuildFile; fileRef = A69028291C20F1C700FF9089 /* NSDataExtension.swift */; };
		A690284E1C20F1C700FF9089 /* Operators.swift in Sources */ = {isa = PBXBuildFile; fileRef = A690282A1C20F1C700FF9089 /* Operators.swift */; };
		A690284F1C20F1C700FF9089 /* Padding.swift in Sources */ = {isa = PBXBuildFile; fileRef = A690282B1C20F1C700FF9089 /* Padding.swift */; };
		A69028501C20F1C700FF9089 /* PKCS5.swift in Sources */ = {isa = PBXBuildFile; fileRef = A690282C1C20F1C700FF9089 /* PKCS5.swift */; };
		A69028511C20F1C700FF9089 /* PKCS7.swift in Sources */ = {isa = PBXBuildFile; fileRef = A690282D1C20F1C700FF9089 /* PKCS7.swift */; };
		A69028521C20F1C700FF9089 /* Poly1305.swift in Sources */ = {isa = PBXBuildFile; fileRef = A690282E1C20F1C700FF9089 /* Poly1305.swift */; };
		A69028531C20F1C700FF9089 /* SHA1.swift in Sources */ = {isa = PBXBuildFile; fileRef = A690282F1C20F1C700FF9089 /* SHA1.swift */; };
		A69028541C20F1C700FF9089 /* SHA2.swift in Sources */ = {isa = PBXBuildFile; fileRef = A69028301C20F1C700FF9089 /* SHA2.swift */; };
		A69028551C20F1C700FF9089 /* StringExtension.swift in Sources */ = {isa = PBXBuildFile; fileRef = A69028311C20F1C700FF9089 /* StringExtension.swift */; };
		A69028561C20F1C700FF9089 /* UInt16Extension.swift in Sources */ = {isa = PBXBuildFile; fileRef = A69028321C20F1C700FF9089 /* UInt16Extension.swift */; };
		A69028571C20F1C700FF9089 /* UInt32Extension.swift in Sources */ = {isa = PBXBuildFile; fileRef = A69028331C20F1C700FF9089 /* UInt32Extension.swift */; };
		A69028581C20F1C700FF9089 /* UInt64Extension.swift in Sources */ = {isa = PBXBuildFile; fileRef = A69028341C20F1C700FF9089 /* UInt64Extension.swift */; };
		A69028591C20F1C700FF9089 /* UInt8Extension.swift in Sources */ = {isa = PBXBuildFile; fileRef = A69028351C20F1C700FF9089 /* UInt8Extension.swift */; };
		A690285A1C20F1C700FF9089 /* Utils.swift in Sources */ = {isa = PBXBuildFile; fileRef = A69028361C20F1C700FF9089 /* Utils.swift */; };
		A690285B1C20F1C700FF9089 /* Subscription.swift in Sources */ = {isa = PBXBuildFile; fileRef = A69028371C20F1C700FF9089 /* Subscription.swift */; };
		A690285D1C20F69C00FF9089 /* ViewControllerPhone.swift in Sources */ = {isa = PBXBuildFile; fileRef = A690285C1C20F69C00FF9089 /* ViewControllerPhone.swift */; };
		A690285F1C20F73800FF9089 /* ViewControllerLog.swift in Sources */ = {isa = PBXBuildFile; fileRef = A690285E1C20F73800FF9089 /* ViewControllerLog.swift */; };
/* End PBXBuildFile section */

/* Begin PBXContainerItemProxy section */
		A69027F61C20E33000FF9089 /* PBXContainerItemProxy */ = {
			isa = PBXContainerItemProxy;
			containerPortal = A69027D81C20E33000FF9089 /* Project object */;
			proxyType = 1;
			remoteGlobalIDString = A69027DF1C20E33000FF9089;
			remoteInfo = demo;
		};
/* End PBXContainerItemProxy section */

/* Begin PBXFileReference section */
		25A4B807DAFD72FB30742C12 /* Pods_demo.framework */ = {isa = PBXFileReference; explicitFileType = wrapper.framework; includeInIndex = 0; path = Pods_demo.framework; sourceTree = BUILT_PRODUCTS_DIR; };
		677CC6DCFCE1261BFBE67E96 /* Pods-demo.debug.xcconfig */ = {isa = PBXFileReference; includeInIndex = 1; lastKnownFileType = text.xcconfig; name = "Pods-demo.debug.xcconfig"; path = "Pods/Target Support Files/Pods-demo/Pods-demo.debug.xcconfig"; sourceTree = "<group>"; };
		A15D66D3C92AE99C148DA25D /* Pods-demo.release.xcconfig */ = {isa = PBXFileReference; includeInIndex = 1; lastKnownFileType = text.xcconfig; name = "Pods-demo.release.xcconfig"; path = "Pods/Target Support Files/Pods-demo/Pods-demo.release.xcconfig"; sourceTree = "<group>"; };
		A69027E01C20E33000FF9089 /* demo.app */ = {isa = PBXFileReference; explicitFileType = wrapper.application; includeInIndex = 0; path = demo.app; sourceTree = BUILT_PRODUCTS_DIR; };
		A69027E41C20E33000FF9089 /* Info.plist */ = {isa = PBXFileReference; lastKnownFileType = text.plist.xml; path = Info.plist; sourceTree = "<group>"; };
		A69027E51C20E33000FF9089 /* AppDelegate.swift */ = {isa = PBXFileReference; lastKnownFileType = sourcecode.swift; path = AppDelegate.swift; sourceTree = "<group>"; };
		A69027E71C20E33000FF9089 /* ViewController.swift */ = {isa = PBXFileReference; lastKnownFileType = sourcecode.swift; path = ViewController.swift; sourceTree = "<group>"; };
		A69027EA1C20E33000FF9089 /* Base */ = {isa = PBXFileReference; lastKnownFileType = file.storyboard; name = Base; path = Base.lproj/Main.storyboard; sourceTree = "<group>"; };
		A69027EC1C20E33000FF9089 /* Images.xcassets */ = {isa = PBXFileReference; lastKnownFileType = folder.assetcatalog; path = Images.xcassets; sourceTree = "<group>"; };
		A69027EF1C20E33000FF9089 /* Base */ = {isa = PBXFileReference; lastKnownFileType = file.xib; name = Base; path = Base.lproj/LaunchScreen.xib; sourceTree = "<group>"; };
		A69027F51C20E33000FF9089 /* demoTests.xctest */ = {isa = PBXFileReference; explicitFileType = wrapper.cfbundle; includeInIndex = 0; path = demoTests.xctest; sourceTree = BUILT_PRODUCTS_DIR; };
		A69027FA1C20E33000FF9089 /* Info.plist */ = {isa = PBXFileReference; lastKnownFileType = text.plist.xml; path = Info.plist; sourceTree = "<group>"; };
		A69027FB1C20E33000FF9089 /* demoTests.swift */ = {isa = PBXFileReference; lastKnownFileType = sourcecode.swift; path = demoTests.swift; sourceTree = "<group>"; };
		A69028091C20EA9000FF9089 /* ViewControllerHome.swift */ = {isa = PBXFileReference; fileEncoding = 4; lastKnownFileType = sourcecode.swift; path = ViewControllerHome.swift; sourceTree = "<group>"; };
		A690280D1C20F06C00FF9089 /* ViewControllerLogin.swift */ = {isa = PBXFileReference; fileEncoding = 4; lastKnownFileType = sourcecode.swift; path = ViewControllerLogin.swift; sourceTree = "<group>"; };
		A69028101C20F1C700FF9089 /* SDK.swift */ = {isa = PBXFileReference; fileEncoding = 4; lastKnownFileType = sourcecode.swift; path = SDK.swift; sourceTree = "<group>"; };
		A69028121C20F1C700FF9089 /* ApiResponse.swift */ = {isa = PBXFileReference; fileEncoding = 4; lastKnownFileType = sourcecode.swift; path = ApiResponse.swift; sourceTree = "<group>"; };
		A69028131C20F1C700FF9089 /* Client.swift */ = {isa = PBXFileReference; fileEncoding = 4; lastKnownFileType = sourcecode.swift; path = Client.swift; sourceTree = "<group>"; };
		A69028141C20F1C700FF9089 /* MultiPartBuilder.swift */ = {isa = PBXFileReference; fileEncoding = 4; lastKnownFileType = sourcecode.swift; path = MultiPartBuilder.swift; sourceTree = "<group>"; };
		A69028161C20F1C700FF9089 /* Auth.swift */ = {isa = PBXFileReference; fileEncoding = 4; lastKnownFileType = sourcecode.swift; path = Auth.swift; sourceTree = "<group>"; };
		A69028171C20F1C700FF9089 /* Platform.swift */ = {isa = PBXFileReference; fileEncoding = 4; lastKnownFileType = sourcecode.swift; path = Platform.swift; sourceTree = "<group>"; };
		A690281A1C20F1C700FF9089 /* AES.swift */ = {isa = PBXFileReference; fileEncoding = 4; lastKnownFileType = sourcecode.swift; path = AES.swift; sourceTree = "<group>"; };
		A690281B1C20F1C700FF9089 /* ArrayExtension.swift */ = {isa = PBXFileReference; fileEncoding = 4; lastKnownFileType = sourcecode.swift; path = ArrayExtension.swift; sourceTree = "<group>"; };
		A690281C1C20F1C700FF9089 /* Authenticator.swift */ = {isa = PBXFileReference; fileEncoding = 4; lastKnownFileType = sourcecode.swift; path = Authenticator.swift; sourceTree = "<group>"; };
		A690281D1C20F1C700FF9089 /* BitExtension.swift */ = {isa = PBXFileReference; fileEncoding = 4; lastKnownFileType = sourcecode.swift; path = BitExtension.swift; sourceTree = "<group>"; };
		A690281E1C20F1C700FF9089 /* ChaCha20.swift */ = {isa = PBXFileReference; fileEncoding = 4; lastKnownFileType = sourcecode.swift; path = ChaCha20.swift; sourceTree = "<group>"; };
		A690281F1C20F1C700FF9089 /* Cipher.swift */ = {isa = PBXFileReference; fileEncoding = 4; lastKnownFileType = sourcecode.swift; path = Cipher.swift; sourceTree = "<group>"; };
		A69028201C20F1C700FF9089 /* CipherBlockMode.swift */ = {isa = PBXFileReference; fileEncoding = 4; lastKnownFileType = sourcecode.swift; path = CipherBlockMode.swift; sourceTree = "<group>"; };
		A69028211C20F1C700FF9089 /* CRC.swift */ = {isa = PBXFileReference; fileEncoding = 4; lastKnownFileType = sourcecode.swift; path = CRC.swift; sourceTree = "<group>"; };
		A69028221C20F1C700FF9089 /* Generics.swift */ = {isa = PBXFileReference; fileEncoding = 4; lastKnownFileType = sourcecode.swift; path = Generics.swift; sourceTree = "<group>"; };
		A69028231C20F1C700FF9089 /* Hash.swift */ = {isa = PBXFileReference; fileEncoding = 4; lastKnownFileType = sourcecode.swift; path = Hash.swift; sourceTree = "<group>"; };
		A69028241C20F1C700FF9089 /* HashBase.swift */ = {isa = PBXFileReference; fileEncoding = 4; lastKnownFileType = sourcecode.swift; path = HashBase.swift; sourceTree = "<group>"; };
		A69028251C20F1C700FF9089 /* HMAC.swift */ = {isa = PBXFileReference; fileEncoding = 4; lastKnownFileType = sourcecode.swift; path = HMAC.swift; sourceTree = "<group>"; };
		A69028261C20F1C700FF9089 /* IntegerConvertible.swift */ = {isa = PBXFileReference; fileEncoding = 4; lastKnownFileType = sourcecode.swift; path = IntegerConvertible.swift; sourceTree = "<group>"; };
		A69028271C20F1C700FF9089 /* IntExtension.swift */ = {isa = PBXFileReference; fileEncoding = 4; lastKnownFileType = sourcecode.swift; path = IntExtension.swift; sourceTree = "<group>"; };
		A69028281C20F1C700FF9089 /* MD5.swift */ = {isa = PBXFileReference; fileEncoding = 4; lastKnownFileType = sourcecode.swift; path = MD5.swift; sourceTree = "<group>"; };
		A69028291C20F1C700FF9089 /* NSDataExtension.swift */ = {isa = PBXFileReference; fileEncoding = 4; lastKnownFileType = sourcecode.swift; path = NSDataExtension.swift; sourceTree = "<group>"; };
		A690282A1C20F1C700FF9089 /* Operators.swift */ = {isa = PBXFileReference; fileEncoding = 4; lastKnownFileType = sourcecode.swift; path = Operators.swift; sourceTree = "<group>"; };
		A690282B1C20F1C700FF9089 /* Padding.swift */ = {isa = PBXFileReference; fileEncoding = 4; lastKnownFileType = sourcecode.swift; path = Padding.swift; sourceTree = "<group>"; };
		A690282C1C20F1C700FF9089 /* PKCS5.swift */ = {isa = PBXFileReference; fileEncoding = 4; lastKnownFileType = sourcecode.swift; path = PKCS5.swift; sourceTree = "<group>"; };
		A690282D1C20F1C700FF9089 /* PKCS7.swift */ = {isa = PBXFileReference; fileEncoding = 4; lastKnownFileType = sourcecode.swift; path = PKCS7.swift; sourceTree = "<group>"; };
		A690282E1C20F1C700FF9089 /* Poly1305.swift */ = {isa = PBXFileReference; fileEncoding = 4; lastKnownFileType = sourcecode.swift; path = Poly1305.swift; sourceTree = "<group>"; };
		A690282F1C20F1C700FF9089 /* SHA1.swift */ = {isa = PBXFileReference; fileEncoding = 4; lastKnownFileType = sourcecode.swift; path = SHA1.swift; sourceTree = "<group>"; };
		A69028301C20F1C700FF9089 /* SHA2.swift */ = {isa = PBXFileReference; fileEncoding = 4; lastKnownFileType = sourcecode.swift; path = SHA2.swift; sourceTree = "<group>"; };
		A69028311C20F1C700FF9089 /* StringExtension.swift */ = {isa = PBXFileReference; fileEncoding = 4; lastKnownFileType = sourcecode.swift; path = StringExtension.swift; sourceTree = "<group>"; };
		A69028321C20F1C700FF9089 /* UInt16Extension.swift */ = {isa = PBXFileReference; fileEncoding = 4; lastKnownFileType = sourcecode.swift; path = UInt16Extension.swift; sourceTree = "<group>"; };
		A69028331C20F1C700FF9089 /* UInt32Extension.swift */ = {isa = PBXFileReference; fileEncoding = 4; lastKnownFileType = sourcecode.swift; path = UInt32Extension.swift; sourceTree = "<group>"; };
		A69028341C20F1C700FF9089 /* UInt64Extension.swift */ = {isa = PBXFileReference; fileEncoding = 4; lastKnownFileType = sourcecode.swift; path = UInt64Extension.swift; sourceTree = "<group>"; };
		A69028351C20F1C700FF9089 /* UInt8Extension.swift */ = {isa = PBXFileReference; fileEncoding = 4; lastKnownFileType = sourcecode.swift; path = UInt8Extension.swift; sourceTree = "<group>"; };
		A69028361C20F1C700FF9089 /* Utils.swift */ = {isa = PBXFileReference; fileEncoding = 4; lastKnownFileType = sourcecode.swift; path = Utils.swift; sourceTree = "<group>"; };
		A69028371C20F1C700FF9089 /* Subscription.swift */ = {isa = PBXFileReference; fileEncoding = 4; lastKnownFileType = sourcecode.swift; path = Subscription.swift; sourceTree = "<group>"; };
		A690285C1C20F69C00FF9089 /* ViewControllerPhone.swift */ = {isa = PBXFileReference; fileEncoding = 4; lastKnownFileType = sourcecode.swift; name = ViewControllerPhone.swift; path = ../ViewControllerPhone.swift; sourceTree = "<group>"; };
		A690285E1C20F73800FF9089 /* ViewControllerLog.swift */ = {isa = PBXFileReference; fileEncoding = 4; lastKnownFileType = sourcecode.swift; name = ViewControllerLog.swift; path = ../ViewControllerLog.swift; sourceTree = "<group>"; };
/* End PBXFileReference section */

/* Begin PBXFrameworksBuildPhase section */
		A69027DD1C20E33000FF9089 /* Frameworks */ = {
			isa = PBXFrameworksBuildPhase;
			buildActionMask = 2147483647;
			files = (
				7506687F43C80C263E1ECFDE /* Pods_demo.framework in Frameworks */,
			);
			runOnlyForDeploymentPostprocessing = 0;
		};
		A69027F21C20E33000FF9089 /* Frameworks */ = {
			isa = PBXFrameworksBuildPhase;
			buildActionMask = 2147483647;
			files = (
			);
			runOnlyForDeploymentPostprocessing = 0;
		};
/* End PBXFrameworksBuildPhase section */

/* Begin PBXGroup section */
		05F87CDBD3B65A48CC1FFD94 /* Frameworks */ = {
			isa = PBXGroup;
			children = (
				25A4B807DAFD72FB30742C12 /* Pods_demo.framework */,
			);
			name = Frameworks;
			sourceTree = "<group>";
		};
		A69027D71C20E33000FF9089 = {
			isa = PBXGroup;
			children = (
				A69027E21C20E33000FF9089 /* demo */,
				A69027F81C20E33000FF9089 /* demoTests */,
				A69027E11C20E33000FF9089 /* Products */,
				BCBAF0F93EBD07B7D3AE4644 /* Pods */,
				05F87CDBD3B65A48CC1FFD94 /* Frameworks */,
			);
			sourceTree = "<group>";
		};
		A69027E11C20E33000FF9089 /* Products */ = {
			isa = PBXGroup;
			children = (
				A69027E01C20E33000FF9089 /* demo.app */,
				A69027F51C20E33000FF9089 /* demoTests.xctest */,
			);
			name = Products;
			sourceTree = "<group>";
		};
		A69027E21C20E33000FF9089 /* demo */ = {
			isa = PBXGroup;
			children = (
				A690280F1C20F1C700FF9089 /* Core */,
				A69028111C20F1C700FF9089 /* Http */,
				A69028151C20F1C700FF9089 /* Platform */,
				A69028181C20F1C700FF9089 /* Subscription */,
				A69027E51C20E33000FF9089 /* AppDelegate.swift */,
				A69027E71C20E33000FF9089 /* ViewController.swift */,
				A69028091C20EA9000FF9089 /* ViewControllerHome.swift */,
				A690285E1C20F73800FF9089 /* ViewControllerLog.swift */,
				A690285C1C20F69C00FF9089 /* ViewControllerPhone.swift */,
				A690280D1C20F06C00FF9089 /* ViewControllerLogin.swift */,
				A69027E91C20E33000FF9089 /* Main.storyboard */,
				A69027EC1C20E33000FF9089 /* Images.xcassets */,
				A69027EE1C20E33000FF9089 /* LaunchScreen.xib */,
				A69027E31C20E33000FF9089 /* Supporting Files */,
			);
			path = demo;
			sourceTree = "<group>";
		};
		A69027E31C20E33000FF9089 /* Supporting Files */ = {
			isa = PBXGroup;
			children = (
				A69027E41C20E33000FF9089 /* Info.plist */,
			);
			name = "Supporting Files";
			sourceTree = "<group>";
		};
		A69027F81C20E33000FF9089 /* demoTests */ = {
			isa = PBXGroup;
			children = (
				A69027FB1C20E33000FF9089 /* demoTests.swift */,
				A69027F91C20E33000FF9089 /* Supporting Files */,
			);
			path = demoTests;
			sourceTree = "<group>";
		};
		A69027F91C20E33000FF9089 /* Supporting Files */ = {
			isa = PBXGroup;
			children = (
				A69027FA1C20E33000FF9089 /* Info.plist */,
			);
			name = "Supporting Files";
			sourceTree = "<group>";
		};
		A690280F1C20F1C700FF9089 /* Core */ = {
			isa = PBXGroup;
			children = (
				A69028101C20F1C700FF9089 /* SDK.swift */,
			);
			name = Core;
			path = ../../src/Core;
			sourceTree = "<group>";
		};
		A69028111C20F1C700FF9089 /* Http */ = {
			isa = PBXGroup;
			children = (
				A69028121C20F1C700FF9089 /* ApiResponse.swift */,
				A69028131C20F1C700FF9089 /* Client.swift */,
				A69028141C20F1C700FF9089 /* MultiPartBuilder.swift */,
			);
			name = Http;
			path = ../../src/Http;
			sourceTree = "<group>";
		};
		A69028151C20F1C700FF9089 /* Platform */ = {
			isa = PBXGroup;
			children = (
				A69028161C20F1C700FF9089 /* Auth.swift */,
				A69028171C20F1C700FF9089 /* Platform.swift */,
			);
			name = Platform;
			path = ../../src/Platform;
			sourceTree = "<group>";
		};
		A69028181C20F1C700FF9089 /* Subscription */ = {
			isa = PBXGroup;
			children = (
				A69028191C20F1C700FF9089 /* Crypto */,
				A69028371C20F1C700FF9089 /* Subscription.swift */,
			);
			name = Subscription;
			path = ../../src/Subscription;
			sourceTree = "<group>";
		};
		A69028191C20F1C700FF9089 /* Crypto */ = {
			isa = PBXGroup;
			children = (
				A690281A1C20F1C700FF9089 /* AES.swift */,
				A690281B1C20F1C700FF9089 /* ArrayExtension.swift */,
				A690281C1C20F1C700FF9089 /* Authenticator.swift */,
				A690281D1C20F1C700FF9089 /* BitExtension.swift */,
				A690281E1C20F1C700FF9089 /* ChaCha20.swift */,
				A690281F1C20F1C700FF9089 /* Cipher.swift */,
				A69028201C20F1C700FF9089 /* CipherBlockMode.swift */,
				A69028211C20F1C700FF9089 /* CRC.swift */,
				A69028221C20F1C700FF9089 /* Generics.swift */,
				A69028231C20F1C700FF9089 /* Hash.swift */,
				A69028241C20F1C700FF9089 /* HashBase.swift */,
				A69028251C20F1C700FF9089 /* HMAC.swift */,
				A69028261C20F1C700FF9089 /* IntegerConvertible.swift */,
				A69028271C20F1C700FF9089 /* IntExtension.swift */,
				A69028281C20F1C700FF9089 /* MD5.swift */,
				A69028291C20F1C700FF9089 /* NSDataExtension.swift */,
				A690282A1C20F1C700FF9089 /* Operators.swift */,
				A690282B1C20F1C700FF9089 /* Padding.swift */,
				A690282C1C20F1C700FF9089 /* PKCS5.swift */,
				A690282D1C20F1C700FF9089 /* PKCS7.swift */,
				A690282E1C20F1C700FF9089 /* Poly1305.swift */,
				A690282F1C20F1C700FF9089 /* SHA1.swift */,
				A69028301C20F1C700FF9089 /* SHA2.swift */,
				A69028311C20F1C700FF9089 /* StringExtension.swift */,
				A69028321C20F1C700FF9089 /* UInt16Extension.swift */,
				A69028331C20F1C700FF9089 /* UInt32Extension.swift */,
				A69028341C20F1C700FF9089 /* UInt64Extension.swift */,
				A69028351C20F1C700FF9089 /* UInt8Extension.swift */,
				A69028361C20F1C700FF9089 /* Utils.swift */,
			);
			path = Crypto;
			sourceTree = "<group>";
		};
		BCBAF0F93EBD07B7D3AE4644 /* Pods */ = {
			isa = PBXGroup;
			children = (
				677CC6DCFCE1261BFBE67E96 /* Pods-demo.debug.xcconfig */,
				A15D66D3C92AE99C148DA25D /* Pods-demo.release.xcconfig */,
			);
			name = Pods;
			sourceTree = "<group>";
		};
/* End PBXGroup section */

/* Begin PBXNativeTarget section */
		A69027DF1C20E33000FF9089 /* demo */ = {
			isa = PBXNativeTarget;
			buildConfigurationList = A69027FF1C20E33000FF9089 /* Build configuration list for PBXNativeTarget "demo" */;
			buildPhases = (
				89A469081FCFB28777720E2C /* Check Pods Manifest.lock */,
				A69027DC1C20E33000FF9089 /* Sources */,
				A69027DD1C20E33000FF9089 /* Frameworks */,
				A69027DE1C20E33000FF9089 /* Resources */,
				4D60398946437AC199B66E31 /* Embed Pods Frameworks */,
				7B358E78CAA340EB7D225E09 /* Copy Pods Resources */,
			);
			buildRules = (
			);
			dependencies = (
			);
			name = demo;
			productName = demo;
			productReference = A69027E01C20E33000FF9089 /* demo.app */;
			productType = "com.apple.product-type.application";
		};
		A69027F41C20E33000FF9089 /* demoTests */ = {
			isa = PBXNativeTarget;
			buildConfigurationList = A69028021C20E33000FF9089 /* Build configuration list for PBXNativeTarget "demoTests" */;
			buildPhases = (
				A69027F11C20E33000FF9089 /* Sources */,
				A69027F21C20E33000FF9089 /* Frameworks */,
				A69027F31C20E33000FF9089 /* Resources */,
			);
			buildRules = (
			);
			dependencies = (
				A69027F71C20E33000FF9089 /* PBXTargetDependency */,
			);
			name = demoTests;
			productName = demoTests;
			productReference = A69027F51C20E33000FF9089 /* demoTests.xctest */;
			productType = "com.apple.product-type.bundle.unit-test";
		};
/* End PBXNativeTarget section */

/* Begin PBXProject section */
		A69027D81C20E33000FF9089 /* Project object */ = {
			isa = PBXProject;
			attributes = {
				LastUpgradeCheck = 0640;
				ORGANIZATIONNAME = "Anil Kumar BP";
				TargetAttributes = {
					A69027DF1C20E33000FF9089 = {
						CreatedOnToolsVersion = 6.4;
					};
					A69027F41C20E33000FF9089 = {
						CreatedOnToolsVersion = 6.4;
						TestTargetID = A69027DF1C20E33000FF9089;
					};
				};
			};
			buildConfigurationList = A69027DB1C20E33000FF9089 /* Build configuration list for PBXProject "demo" */;
			compatibilityVersion = "Xcode 3.2";
			developmentRegion = English;
			hasScannedForEncodings = 0;
			knownRegions = (
				en,
				Base,
			);
			mainGroup = A69027D71C20E33000FF9089;
			productRefGroup = A69027E11C20E33000FF9089 /* Products */;
			projectDirPath = "";
			projectRoot = "";
			targets = (
				A69027DF1C20E33000FF9089 /* demo */,
				A69027F41C20E33000FF9089 /* demoTests */,
			);
		};
/* End PBXProject section */

/* Begin PBXResourcesBuildPhase section */
		A69027DE1C20E33000FF9089 /* Resources */ = {
			isa = PBXResourcesBuildPhase;
			buildActionMask = 2147483647;
			files = (
				A69027EB1C20E33000FF9089 /* Main.storyboard in Resources */,
				A69027F01C20E33000FF9089 /* LaunchScreen.xib in Resources */,
				A69027ED1C20E33000FF9089 /* Images.xcassets in Resources */,
			);
			runOnlyForDeploymentPostprocessing = 0;
		};
		A69027F31C20E33000FF9089 /* Resources */ = {
			isa = PBXResourcesBuildPhase;
			buildActionMask = 2147483647;
			files = (
			);
			runOnlyForDeploymentPostprocessing = 0;
		};
/* End PBXResourcesBuildPhase section */

/* Begin PBXShellScriptBuildPhase section */
		4D60398946437AC199B66E31 /* Embed Pods Frameworks */ = {
			isa = PBXShellScriptBuildPhase;
			buildActionMask = 2147483647;
			files = (
			);
			inputPaths = (
			);
			name = "Embed Pods Frameworks";
			outputPaths = (
			);
			runOnlyForDeploymentPostprocessing = 0;
			shellPath = /bin/sh;
			shellScript = "\"${SRCROOT}/Pods/Target Support Files/Pods-demo/Pods-demo-frameworks.sh\"\n";
			showEnvVarsInLog = 0;
		};
		7B358E78CAA340EB7D225E09 /* Copy Pods Resources */ = {
			isa = PBXShellScriptBuildPhase;
			buildActionMask = 2147483647;
			files = (
			);
			inputPaths = (
			);
			name = "Copy Pods Resources";
			outputPaths = (
			);
			runOnlyForDeploymentPostprocessing = 0;
			shellPath = /bin/sh;
			shellScript = "\"${SRCROOT}/Pods/Target Support Files/Pods-demo/Pods-demo-resources.sh\"\n";
			showEnvVarsInLog = 0;
		};
		89A469081FCFB28777720E2C /* Check Pods Manifest.lock */ = {
			isa = PBXShellScriptBuildPhase;
			buildActionMask = 2147483647;
			files = (
			);
			inputPaths = (
			);
			name = "Check Pods Manifest.lock";
			outputPaths = (
			);
			runOnlyForDeploymentPostprocessing = 0;
			shellPath = /bin/sh;
			shellScript = "diff \"${PODS_ROOT}/../Podfile.lock\" \"${PODS_ROOT}/Manifest.lock\" > /dev/null\nif [[ $? != 0 ]] ; then\n    cat << EOM\nerror: The sandbox is not in sync with the Podfile.lock. Run 'pod install' or update your CocoaPods installation.\nEOM\n    exit 1\nfi\n";
			showEnvVarsInLog = 0;
		};
/* End PBXShellScriptBuildPhase section */

/* Begin PBXSourcesBuildPhase section */
		A69027DC1C20E33000FF9089 /* Sources */ = {
			isa = PBXSourcesBuildPhase;
			buildActionMask = 2147483647;
			files = (
				A69028511C20F1C700FF9089 /* PKCS7.swift in Sources */,
				A690283D1C20F1C700FF9089 /* Platform.swift in Sources */,
				A690280E1C20F06C00FF9089 /* ViewControllerLogin.swift in Sources */,
				A690284D1C20F1C700FF9089 /* NSDataExtension.swift in Sources */,
				A69028431C20F1C700FF9089 /* Cipher.swift in Sources */,
				A690285A1C20F1C700FF9089 /* Utils.swift in Sources */,
				A690285D1C20F69C00FF9089 /* ViewControllerPhone.swift in Sources */,
				A690283E1C20F1C700FF9089 /* AES.swift in Sources */,
				A69028461C20F1C700FF9089 /* Generics.swift in Sources */,
				A690284B1C20F1C700FF9089 /* IntExtension.swift in Sources */,
				A69028551C20F1C700FF9089 /* StringExtension.swift in Sources */,
				A69028471C20F1C700FF9089 /* Hash.swift in Sources */,
				A69028411C20F1C700FF9089 /* BitExtension.swift in Sources */,
				A690283F1C20F1C700FF9089 /* ArrayExtension.swift in Sources */,
				A690283A1C20F1C700FF9089 /* Client.swift in Sources */,
				A69028561C20F1C700FF9089 /* UInt16Extension.swift in Sources */,
				A69028571C20F1C700FF9089 /* UInt32Extension.swift in Sources */,
				A690283B1C20F1C700FF9089 /* MultiPartBuilder.swift in Sources */,
				A69028381C20F1C700FF9089 /* SDK.swift in Sources */,
				A69028521C20F1C700FF9089 /* Poly1305.swift in Sources */,
				A69027E81C20E33000FF9089 /* ViewController.swift in Sources */,
				A69028501C20F1C700FF9089 /* PKCS5.swift in Sources */,
				A69028421C20F1C700FF9089 /* ChaCha20.swift in Sources */,
				A69028531C20F1C700FF9089 /* SHA1.swift in Sources */,
				A69028591C20F1C700FF9089 /* UInt8Extension.swift in Sources */,
				A690284A1C20F1C700FF9089 /* IntegerConvertible.swift in Sources */,
				A69028441C20F1C700FF9089 /* CipherBlockMode.swift in Sources */,
				A690284E1C20F1C700FF9089 /* Operators.swift in Sources */,
				A690284C1C20F1C700FF9089 /* MD5.swift in Sources */,
				A69028391C20F1C700FF9089 /* ApiResponse.swift in Sources */,
				A69028481C20F1C700FF9089 /* HashBase.swift in Sources */,
				A690280A1C20EA9000FF9089 /* ViewControllerHome.swift in Sources */,
				A69028451C20F1C700FF9089 /* CRC.swift in Sources */,
				A690285F1C20F73800FF9089 /* ViewControllerLog.swift in Sources */,
				A690284F1C20F1C700FF9089 /* Padding.swift in Sources */,
				A69028401C20F1C700FF9089 /* Authenticator.swift in Sources */,
				A690285B1C20F1C700FF9089 /* Subscription.swift in Sources */,
				A69028581C20F1C700FF9089 /* UInt64Extension.swift in Sources */,
				A69027E61C20E33000FF9089 /* AppDelegate.swift in Sources */,
				A69028491C20F1C700FF9089 /* HMAC.swift in Sources */,
				A690283C1C20F1C700FF9089 /* Auth.swift in Sources */,
				A69028541C20F1C700FF9089 /* SHA2.swift in Sources */,
			);
			runOnlyForDeploymentPostprocessing = 0;
		};
		A69027F11C20E33000FF9089 /* Sources */ = {
			isa = PBXSourcesBuildPhase;
			buildActionMask = 2147483647;
			files = (
				A69027FC1C20E33000FF9089 /* demoTests.swift in Sources */,
			);
			runOnlyForDeploymentPostprocessing = 0;
		};
/* End PBXSourcesBuildPhase section */

/* Begin PBXTargetDependency section */
		A69027F71C20E33000FF9089 /* PBXTargetDependency */ = {
			isa = PBXTargetDependency;
			target = A69027DF1C20E33000FF9089 /* demo */;
			targetProxy = A69027F61C20E33000FF9089 /* PBXContainerItemProxy */;
		};
/* End PBXTargetDependency section */

/* Begin PBXVariantGroup section */
		A69027E91C20E33000FF9089 /* Main.storyboard */ = {
			isa = PBXVariantGroup;
			children = (
				A69027EA1C20E33000FF9089 /* Base */,
			);
			name = Main.storyboard;
			sourceTree = "<group>";
		};
		A69027EE1C20E33000FF9089 /* LaunchScreen.xib */ = {
			isa = PBXVariantGroup;
			children = (
				A69027EF1C20E33000FF9089 /* Base */,
			);
			name = LaunchScreen.xib;
			sourceTree = "<group>";
		};
/* End PBXVariantGroup section */

/* Begin XCBuildConfiguration section */
		A69027FD1C20E33000FF9089 /* Debug */ = {
			isa = XCBuildConfiguration;
			buildSettings = {
				ALWAYS_SEARCH_USER_PATHS = NO;
				CLANG_CXX_LANGUAGE_STANDARD = "gnu++0x";
				CLANG_CXX_LIBRARY = "libc++";
				CLANG_ENABLE_MODULES = YES;
				CLANG_ENABLE_OBJC_ARC = YES;
				CLANG_WARN_BOOL_CONVERSION = YES;
				CLANG_WARN_CONSTANT_CONVERSION = YES;
				CLANG_WARN_DIRECT_OBJC_ISA_USAGE = YES_ERROR;
				CLANG_WARN_EMPTY_BODY = YES;
				CLANG_WARN_ENUM_CONVERSION = YES;
				CLANG_WARN_INT_CONVERSION = YES;
				CLANG_WARN_OBJC_ROOT_CLASS = YES_ERROR;
				CLANG_WARN_UNREACHABLE_CODE = YES;
				CLANG_WARN__DUPLICATE_METHOD_MATCH = YES;
				"CODE_SIGN_IDENTITY[sdk=iphoneos*]" = "iPhone Developer";
				COPY_PHASE_STRIP = NO;
				DEBUG_INFORMATION_FORMAT = "dwarf-with-dsym";
				ENABLE_STRICT_OBJC_MSGSEND = YES;
				GCC_C_LANGUAGE_STANDARD = gnu99;
				GCC_DYNAMIC_NO_PIC = NO;
				GCC_NO_COMMON_BLOCKS = YES;
				GCC_OPTIMIZATION_LEVEL = 0;
				GCC_PREPROCESSOR_DEFINITIONS = (
					"DEBUG=1",
					"$(inherited)",
				);
				GCC_SYMBOLS_PRIVATE_EXTERN = NO;
				GCC_WARN_64_TO_32_BIT_CONVERSION = YES;
				GCC_WARN_ABOUT_RETURN_TYPE = YES_ERROR;
				GCC_WARN_UNDECLARED_SELECTOR = YES;
				GCC_WARN_UNINITIALIZED_AUTOS = YES_AGGRESSIVE;
				GCC_WARN_UNUSED_FUNCTION = YES;
				GCC_WARN_UNUSED_VARIABLE = YES;
				IPHONEOS_DEPLOYMENT_TARGET = 8.4;
				MTL_ENABLE_DEBUG_INFO = YES;
				ONLY_ACTIVE_ARCH = YES;
				SDKROOT = iphoneos;
				SWIFT_OPTIMIZATION_LEVEL = "-Onone";
				TARGETED_DEVICE_FAMILY = "1,2";
			};
			name = Debug;
		};
		A69027FE1C20E33000FF9089 /* Release */ = {
			isa = XCBuildConfiguration;
			buildSettings = {
				ALWAYS_SEARCH_USER_PATHS = NO;
				CLANG_CXX_LANGUAGE_STANDARD = "gnu++0x";
				CLANG_CXX_LIBRARY = "libc++";
				CLANG_ENABLE_MODULES = YES;
				CLANG_ENABLE_OBJC_ARC = YES;
				CLANG_WARN_BOOL_CONVERSION = YES;
				CLANG_WARN_CONSTANT_CONVERSION = YES;
				CLANG_WARN_DIRECT_OBJC_ISA_USAGE = YES_ERROR;
				CLANG_WARN_EMPTY_BODY = YES;
				CLANG_WARN_ENUM_CONVERSION = YES;
				CLANG_WARN_INT_CONVERSION = YES;
				CLANG_WARN_OBJC_ROOT_CLASS = YES_ERROR;
				CLANG_WARN_UNREACHABLE_CODE = YES;
				CLANG_WARN__DUPLICATE_METHOD_MATCH = YES;
				"CODE_SIGN_IDENTITY[sdk=iphoneos*]" = "iPhone Developer";
				COPY_PHASE_STRIP = NO;
				DEBUG_INFORMATION_FORMAT = "dwarf-with-dsym";
				ENABLE_NS_ASSERTIONS = NO;
				ENABLE_STRICT_OBJC_MSGSEND = YES;
				GCC_C_LANGUAGE_STANDARD = gnu99;
				GCC_NO_COMMON_BLOCKS = YES;
				GCC_WARN_64_TO_32_BIT_CONVERSION = YES;
				GCC_WARN_ABOUT_RETURN_TYPE = YES_ERROR;
				GCC_WARN_UNDECLARED_SELECTOR = YES;
				GCC_WARN_UNINITIALIZED_AUTOS = YES_AGGRESSIVE;
				GCC_WARN_UNUSED_FUNCTION = YES;
				GCC_WARN_UNUSED_VARIABLE = YES;
				IPHONEOS_DEPLOYMENT_TARGET = 8.4;
				MTL_ENABLE_DEBUG_INFO = NO;
				SDKROOT = iphoneos;
				TARGETED_DEVICE_FAMILY = "1,2";
				VALIDATE_PRODUCT = YES;
			};
			name = Release;
		};
		A69028001C20E33000FF9089 /* Debug */ = {
			isa = XCBuildConfiguration;
			baseConfigurationReference = 677CC6DCFCE1261BFBE67E96 /* Pods-demo.debug.xcconfig */;
			buildSettings = {
				ASSETCATALOG_COMPILER_APPICON_NAME = AppIcon;
				INFOPLIST_FILE = demo/Info.plist;
				LD_RUNPATH_SEARCH_PATHS = "$(inherited) @executable_path/Frameworks";
				PRODUCT_NAME = "$(TARGET_NAME)";
			};
			name = Debug;
		};
		A69028011C20E33000FF9089 /* Release */ = {
			isa = XCBuildConfiguration;
			baseConfigurationReference = A15D66D3C92AE99C148DA25D /* Pods-demo.release.xcconfig */;
			buildSettings = {
				ASSETCATALOG_COMPILER_APPICON_NAME = AppIcon;
				INFOPLIST_FILE = demo/Info.plist;
				LD_RUNPATH_SEARCH_PATHS = "$(inherited) @executable_path/Frameworks";
				PRODUCT_NAME = "$(TARGET_NAME)";
			};
			name = Release;
		};
		A69028031C20E33000FF9089 /* Debug */ = {
			isa = XCBuildConfiguration;
			buildSettings = {
				BUNDLE_LOADER = "$(TEST_HOST)";
				FRAMEWORK_SEARCH_PATHS = (
					"$(SDKROOT)/Developer/Library/Frameworks",
					"$(inherited)",
				);
				GCC_PREPROCESSOR_DEFINITIONS = (
					"DEBUG=1",
					"$(inherited)",
				);
				INFOPLIST_FILE = demoTests/Info.plist;
				LD_RUNPATH_SEARCH_PATHS = "$(inherited) @executable_path/Frameworks @loader_path/Frameworks";
				PRODUCT_NAME = "$(TARGET_NAME)";
				TEST_HOST = "$(BUILT_PRODUCTS_DIR)/demo.app/demo";
			};
			name = Debug;
		};
		A69028041C20E33000FF9089 /* Release */ = {
			isa = XCBuildConfiguration;
			buildSettings = {
				BUNDLE_LOADER = "$(TEST_HOST)";
				FRAMEWORK_SEARCH_PATHS = (
					"$(SDKROOT)/Developer/Library/Frameworks",
					"$(inherited)",
				);
				INFOPLIST_FILE = demoTests/Info.plist;
				LD_RUNPATH_SEARCH_PATHS = "$(inherited) @executable_path/Frameworks @loader_path/Frameworks";
				PRODUCT_NAME = "$(TARGET_NAME)";
				TEST_HOST = "$(BUILT_PRODUCTS_DIR)/demo.app/demo";
			};
			name = Release;
		};
/* End XCBuildConfiguration section */

/* Begin XCConfigurationList section */
		A69027DB1C20E33000FF9089 /* Build configuration list for PBXProject "demo" */ = {
			isa = XCConfigurationList;
			buildConfigurations = (
				A69027FD1C20E33000FF9089 /* Debug */,
				A69027FE1C20E33000FF9089 /* Release */,
			);
			defaultConfigurationIsVisible = 0;
			defaultConfigurationName = Release;
		};
		A69027FF1C20E33000FF9089 /* Build configuration list for PBXNativeTarget "demo" */ = {
			isa = XCConfigurationList;
			buildConfigurations = (
				A69028001C20E33000FF9089 /* Debug */,
				A69028011C20E33000FF9089 /* Release */,
			);
			defaultConfigurationIsVisible = 0;
			defaultConfigurationName = Release;
		};
		A69028021C20E33000FF9089 /* Build configuration list for PBXNativeTarget "demoTests" */ = {
			isa = XCConfigurationList;
			buildConfigurations = (
				A69028031C20E33000FF9089 /* Debug */,
				A69028041C20E33000FF9089 /* Release */,
			);
			defaultConfigurationIsVisible = 0;
			defaultConfigurationName = Release;
		};
/* End XCConfigurationList section */
	};
	rootObject = A69027D81C20E33000FF9089 /* Project object */;
}
